
Microsoft Visual Studio Solution File, Format Version 12.00
# Visual Studio Version 17
VisualStudioVersion = 17.0.31903.59
MinimumVisualStudioVersion = 10.0.40219.1
Project("{FAE04EC0-301F-11D3-BF4B-00C04F79EFBC}") = "FriendlyBroccoli.API", "FriendlyBroccoli.API\FriendlyBroccoli.API.csproj", "{B4171898-2280-41D8-BBCF-F19F8F12A726}"
EndProject
Project("{FAE04EC0-301F-11D3-BF4B-00C04F79EFBC}") = "FriendlyBroccoli.DataAccess", "FriendlyBroccoli.DataAccess\FriendlyBroccoli.DataAccess.csproj", "{62E9EB05-8E07-454A-9C54-A32889ECAF4C}"
EndProject
Project("{FAE04EC0-301F-11D3-BF4B-00C04F79EFBC}") = "FriendlyBroccoli.UnitTests", "FriendlyBroccoli.UnitTests\FriendlyBroccoli.UnitTests.csproj", "{AF2FDE0C-2DB0-401A-BA5B-E42CAE97A67A}"
EndProject
Project("{FAE04EC0-301F-11D3-BF4B-00C04F79EFBC}") = "FriendlyBroccoli.IntegrationTests", "FriendlyBroccoli.IntegrationTests\FriendlyBroccoli.IntegrationTests.csproj", "{3B3C0FFA-D209-421E-AA35-2B90F6689B0F}"
EndProject
Global
	GlobalSection(SolutionConfigurationPlatforms) = preSolution
		Debug|Any CPU = Debug|Any CPU
		Release|Any CPU = Release|Any CPU
	EndGlobalSection
	GlobalSection(SolutionProperties) = preSolution
		HideSolutionNode = FALSE
	EndGlobalSection
	GlobalSection(ProjectConfigurationPlatforms) = postSolution
		{B4171898-2280-41D8-BBCF-F19F8F12A726}.Debug|Any CPU.ActiveCfg = Debug|Any CPU
		{B4171898-2280-41D8-BBCF-F19F8F12A726}.Debug|Any CPU.Build.0 = Debug|Any CPU
		{B4171898-2280-41D8-BBCF-F19F8F12A726}.Release|Any CPU.ActiveCfg = Release|Any CPU
		{B4171898-2280-41D8-BBCF-F19F8F12A726}.Release|Any CPU.Build.0 = Release|Any CPU
		{62E9EB05-8E07-454A-9C54-A32889ECAF4C}.Debug|Any CPU.ActiveCfg = Debug|Any CPU
		{62E9EB05-8E07-454A-9C54-A32889ECAF4C}.Debug|Any CPU.Build.0 = Debug|Any CPU
		{62E9EB05-8E07-454A-9C54-A32889ECAF4C}.Release|Any CPU.ActiveCfg = Release|Any CPU
		{62E9EB05-8E07-454A-9C54-A32889ECAF4C}.Release|Any CPU.Build.0 = Release|Any CPU
		{AF2FDE0C-2DB0-401A-BA5B-E42CAE97A67A}.Debug|Any CPU.ActiveCfg = Debug|Any CPU
		{AF2FDE0C-2DB0-401A-BA5B-E42CAE97A67A}.Debug|Any CPU.Build.0 = Debug|Any CPU
		{AF2FDE0C-2DB0-401A-BA5B-E42CAE97A67A}.Release|Any CPU.ActiveCfg = Release|Any CPU
		{AF2FDE0C-2DB0-401A-BA5B-E42CAE97A67A}.Release|Any CPU.Build.0 = Release|Any CPU
		{3B3C0FFA-D209-421E-AA35-2B90F6689B0F}.Debug|Any CPU.ActiveCfg = Debug|Any CPU
		{3B3C0FFA-D209-421E-AA35-2B90F6689B0F}.Debug|Any CPU.Build.0 = Debug|Any CPU
		{3B3C0FFA-D209-421E-AA35-2B90F6689B0F}.Release|Any CPU.ActiveCfg = Release|Any CPU
		{3B3C0FFA-D209-421E-AA35-2B90F6689B0F}.Release|Any CPU.Build.0 = Release|Any CPU
	EndGlobalSection
EndGlobal
